<Solution>
  <Folder Name="/sample/">
    <Project Path="sample/GettingStarted/GettingStarted.csproj" />
  </Folder>
  <Folder Name="/src/">
    <File Path="src/.editorconfig" />
    <File Path="src/Directory.Build.props" />
    <Project Path="src/Atc.Cosmos.EventStore.Cqrs/Atc.Cosmos.EventStore.Cqrs.csproj" />
    <Project Path="src/Atc.Cosmos.EventStore/Atc.Cosmos.EventStore.csproj" />
  </Folder>
  <Folder Name="/test/">
    <File Path="test/.editorconfig" />
    <File Path="test/Directory.Build.props" />
    <Project Path="test/Atc.Cosmos.EventStore.Cqrs.Tests/Atc.Cosmos.EventStore.Cqrs.Tests.csproj" />
    <Project Path="test/Atc.Cosmos.EventStore.Tests/Atc.Cosmos.EventStore.Tests.csproj" />
  </Folder>
</Solution>