
Microsoft Visual Studio Solution File, Format Version 12.00
# Visual Studio Version 16
VisualStudioVersion = 16.0.29827.131
MinimumVisualStudioVersion = 10.0.40219.1
Project("{9A19103F-16F7-4668-BE54-9A1E7A4F7556}") = "Atc.Cosmos.EventStore", "src\Atc.Cosmos.EventStore\Atc.Cosmos.EventStore.csproj", "{1313EC2E-D1E1-42EC-8D68-912BB8492B4B}"
EndProject
Project("{9A19103F-16F7-4668-BE54-9A1E7A4F7556}") = "Atc.Cosmos.EventStore.Tests", "test\Atc.Cosmos.EventStore.Tests\Atc.Cosmos.EventStore.Tests.csproj", "{2A182C87-5FD5-4318-9339-94F36ED800FB}"
EndProject
Project("{9A19103F-16F7-4668-BE54-9A1E7A4F7556}") = "Atc.Cosmos.EventStore.IntegrationTests", "test\Atc.Cosmos.EventStore.IntegrationTests\Atc.Cosmos.EventStore.IntegrationTests.csproj", "{C7E0C59D-277E-4567-BD0A-9556FF30E310}"
EndProject
Project("{9A19103F-16F7-4668-BE54-9A1E7A4F7556}") = "Atc.Cosmos.EventStore.Xunit", "test\Atc.Cosmos.EventStore.Xunit\Atc.Cosmos.EventStore.Xunit.csproj", "{5258A59B-3018-48E1-A7BE-A0BC7736A77B}"
EndProject
Project("{2150E333-8FDC-42A3-9474-1A3956D46DE8}") = ".config", ".config", "{0A4F8A9A-3074-4080-A48A-633DC7A06BC5}"
	ProjectSection(SolutionItems) = preProject
		build\code-analysis-test.ruleset = build\code-analysis-test.ruleset
		build\code-analysis.props = build\code-analysis.props
		build\code-analysis.ruleset = build\code-analysis.ruleset
		build\common.props = build\common.props
		build\custom-dictionary.xml = build\custom-dictionary.xml
		build\stylecop.json = build\stylecop.json
	EndProjectSection
EndProject
Project("{2150E333-8FDC-42A3-9474-1A3956D46DE8}") = ".docs", ".docs", "{896CBC7A-D026-473B-8AFB-843FACB98624}"
	ProjectSection(SolutionItems) = preProject
		docs\Concepts.md = docs\Concepts.md
	EndProjectSection
EndProject
Global
	GlobalSection(SolutionConfigurationPlatforms) = preSolution
		Debug|Any CPU = Debug|Any CPU
		Release|Any CPU = Release|Any CPU
	EndGlobalSection
	GlobalSection(ProjectConfigurationPlatforms) = postSolution
		{1313EC2E-D1E1-42EC-8D68-912BB8492B4B}.Debug|Any CPU.ActiveCfg = Debug|Any CPU
		{1313EC2E-D1E1-42EC-8D68-912BB8492B4B}.Debug|Any CPU.Build.0 = Debug|Any CPU
		{1313EC2E-D1E1-42EC-8D68-912BB8492B4B}.Release|Any CPU.ActiveCfg = Release|Any CPU
		{1313EC2E-D1E1-42EC-8D68-912BB8492B4B}.Release|Any CPU.Build.0 = Release|Any CPU
		{2A182C87-5FD5-4318-9339-94F36ED800FB}.Debug|Any CPU.ActiveCfg = Debug|Any CPU
		{2A182C87-5FD5-4318-9339-94F36ED800FB}.Debug|Any CPU.Build.0 = Debug|Any CPU
		{2A182C87-5FD5-4318-9339-94F36ED800FB}.Release|Any CPU.ActiveCfg = Release|Any CPU
		{2A182C87-5FD5-4318-9339-94F36ED800FB}.Release|Any CPU.Build.0 = Release|Any CPU
		{C7E0C59D-277E-4567-BD0A-9556FF30E310}.Debug|Any CPU.ActiveCfg = Debug|Any CPU
		{C7E0C59D-277E-4567-BD0A-9556FF30E310}.Debug|Any CPU.Build.0 = Debug|Any CPU
		{C7E0C59D-277E-4567-BD0A-9556FF30E310}.Release|Any CPU.ActiveCfg = Release|Any CPU
		{C7E0C59D-277E-4567-BD0A-9556FF30E310}.Release|Any CPU.Build.0 = Release|Any CPU
		{5258A59B-3018-48E1-A7BE-A0BC7736A77B}.Debug|Any CPU.ActiveCfg = Debug|Any CPU
		{5258A59B-3018-48E1-A7BE-A0BC7736A77B}.Debug|Any CPU.Build.0 = Debug|Any CPU
		{5258A59B-3018-48E1-A7BE-A0BC7736A77B}.Release|Any CPU.ActiveCfg = Release|Any CPU
		{5258A59B-3018-48E1-A7BE-A0BC7736A77B}.Release|Any CPU.Build.0 = Release|Any CPU
	EndGlobalSection
	GlobalSection(SolutionProperties) = preSolution
		HideSolutionNode = FALSE
	EndGlobalSection
	GlobalSection(ExtensibilityGlobals) = postSolution
		SolutionGuid = {DB70B849-5672-4B7A-9545-EAC03E0484D1}
	EndGlobalSection
EndGlobal
